schema: '2.0'
stages:
  data_preprocess:
    cmd: python src/data/data_preprocess.py
    deps:
    - path: src/data/data_preprocess.py
      hash: md5
      md5: e93131c6299b8b1eb0a8dc8b70edd48b
      size: 5501
    params:
      params.yaml:
        data_preprocess.random_state: 45
        data_preprocess.test_size: 0.2
    outs:
    - path: data/raw
      hash: md5
      md5: cf58efaa014a7034b5b18e0177ea0ab1.dir
      size: 827973
      nfiles: 2
  make_dataset:
    cmd: python src/data/make_dataset.py
    deps:
    - path: data/raw/test.csv
      hash: md5
      md5: af19df475c90057d38c9133abb87cdf1
      size: 165319
    - path: data/raw/train.csv
      hash: md5
      md5: 997d376b9783e933820a2f96299a7262
      size: 662654
    - path: src/data/make_dataset.py
      hash: md5
      md5: 93242e722b2f908e24fa85fa41d1f2d7
      size: 3522
    outs:
    - path: data/processed
      hash: md5
      md5: c01147990a411ed185b486fdd64fe487.dir
      size: 615862
      nfiles: 2
  build_features:
    cmd: python src/features/build_features.py
    deps:
    - path: data/processed/test_processed.csv
      hash: md5
      md5: e70789d83735b3cf49e2825da0e0f5ff
      size: 122274
    - path: data/processed/train_processed.csv
      hash: md5
      md5: cbb4180955779ae1462e58c9675cc1fd
      size: 493588
    - path: src/features/build_features.py
      hash: md5
      md5: c8ed387494c551516175a98f5da47611
      size: 8422
    params:
      params.yaml:
        build_features.max_features: 5000
    outs:
    - path: data/feature
      hash: md5
      md5: 551c5beb515dae450e4c013d8341f089.dir
      size: 103959088
      nfiles: 3
  model_building:
    cmd: python src/models/model_building.py
    deps:
    - path: data/feature/train_bow.csv
      hash: md5
      md5: 2513b73efd77de9e08f7769b3c5c6d4b
      size: 83038794
    - path: src/models/model_building.py
      hash: md5
      md5: 63eb536705e1075acd77ea61b87aec90
      size: 5547
    params:
      params.yaml:
        model_building.C: 1
        model_building.penalty: l2
        model_building.solver: liblinear
    outs:
    - path: models/model.pkl
      hash: md5
      md5: bcfa4467ad88b27fef9dab529dcfe7af
      size: 40710
  model_evaluation:
    cmd: python -m src.models.model_evaluation
    deps:
    - path: data/feature/test_bow.csv
      hash: md5
      md5: 4b194fad354c5df5dde1ec7a913f820f
      size: 20780122
    - path: models/model.pkl
      hash: md5
      md5: bcfa4467ad88b27fef9dab529dcfe7af
      size: 40710
    - path: src/models/model_evaluation.py
      hash: md5
      md5: aed19a0fd28c428884cc9ab83e87f54d
      size: 9242
    outs:
    - path: reports/confusion_matrix.npy
      hash: md5
      md5: 43f5038b4a763db40ce5e493d47a6617
      size: 160
    - path: reports/metrics.json
      hash: md5
      md5: 0f4d776cde5a54bbeecf9090b8a6e510
      size: 126
  model_registration:
    cmd: python -m src.models.model_registration
    deps:
    - path: models/model.pkl
      hash: md5
      md5: bcfa4467ad88b27fef9dab529dcfe7af
      size: 40710
    - path: reports/metrics.json
      hash: md5
      md5: 0f4d776cde5a54bbeecf9090b8a6e510
      size: 126
    - path: src/models/model_registration.py
      hash: md5
      md5: 4caaf73477da48402abd7e0138c36c90
      size: 2506
