schema: '2.0'
stages:
  data_preprocess:
    cmd: python src/data/data_preprocess.py
    deps:
    - path: src/data/data_preprocess.py
      hash: md5
      md5: e93131c6299b8b1eb0a8dc8b70edd48b
      size: 5501
    params:
      params.yaml:
        data_preprocess.random_state: 50
        data_preprocess.test_size: 0.2
    outs:
    - path: data/raw
      hash: md5
      md5: 222da829b7e02f20981c27861b0abe5d.dir
      size: 827973
      nfiles: 2
  make_dataset:
    cmd: python src/data/make_dataset.py
    deps:
    - path: data/raw/test.csv
      hash: md5
      md5: 6a81e521d44b8bc232a40151ba0a1e27
      size: 164827
    - path: data/raw/train.csv
      hash: md5
      md5: 10f72f187ae1ce9f37674433b6ab756b
      size: 663146
    - path: src/data/make_dataset.py
      hash: md5
      md5: 93242e722b2f908e24fa85fa41d1f2d7
      size: 3522
    outs:
    - path: data/processed
      hash: md5
      md5: ce091956b2829668619feba5feea1ca3.dir
      size: 615862
      nfiles: 2
  build_features:
    cmd: python src/features/build_features.py
    deps:
    - path: data/processed/test_processed.csv
      hash: md5
      md5: 809dda5b4393c798604f6144751d8a4d
      size: 122488
    - path: data/processed/train_processed.csv
      hash: md5
      md5: af07974f3fbffd29957654cbe448be74
      size: 493374
    - path: src/features/build_features.py
      hash: md5
      md5: c8ed387494c551516175a98f5da47611
      size: 8422
    params:
      params.yaml:
        build_features.max_features: 5000
    outs:
    - path: data/feature
      hash: md5
      md5: 2f3432b01b24b596980d5956e8cb0b32.dir
      size: 103958946
      nfiles: 3
  model_building:
    cmd: python src/models/model_building.py
    deps:
    - path: data/feature/train_bow.csv
      hash: md5
      md5: 9f4aeabc8f98ac4add5aebc15d96c9f5
      size: 83038794
    - path: src/models/model_building.py
      hash: md5
      md5: c32457e60e97200babe5913f79dd81fd
      size: 5513
    params:
      params.yaml:
        model_building.C: 1
        model_building.penalty: l2
        model_building.solver: liblinear
    outs:
    - path: models/model.pkl
      hash: md5
      md5: 7e5832c9f8df8d82d50f7a3acb8e873f
      size: 40700
  model_evaluation:
    cmd: python -m src.models.model_evaluation
    deps:
    - path: data/feature/test_bow.csv
      hash: md5
      md5: 9b9db23fae22371dd597dfb9d44a56c3
      size: 20780122
    - path: models/model.pkl
      hash: md5
      md5: 7e5832c9f8df8d82d50f7a3acb8e873f
      size: 40700
    - path: src/models/model_evaluation.py
      hash: md5
      md5: aed19a0fd28c428884cc9ab83e87f54d
      size: 9242
    outs:
    - path: reports/confusion_matrix.npy
      hash: md5
      md5: 5a109ff243b6142d62bbedca55e5b590
      size: 160
    - path: reports/metrics.json
      hash: md5
      md5: 93ac60c237094d37534877400dd5f3fe
      size: 123
  model_registration:
    cmd: python -m src.models.model_registration
    deps:
    - path: models/model.pkl
      hash: md5
      md5: 7e5832c9f8df8d82d50f7a3acb8e873f
      size: 40700
    - path: reports/metrics.json
      hash: md5
      md5: 93ac60c237094d37534877400dd5f3fe
      size: 123
    - path: src/models/model_registration.py
      hash: md5
      md5: 4caaf73477da48402abd7e0138c36c90
      size: 2506
